
Microsoft Visual Studio Solution File, Format Version 12.00
# Visual Studio Version 16
VisualStudioVersion = 16.0.31729.503
MinimumVisualStudioVersion = 10.0.40219.1
Project("{FAE04EC0-301F-11D3-BF4B-00C04F79EFBC}") = "doorcombination", "doorcombination.csproj", "{16AEF7B9-86C1-44E1-82AA-006CF72F49D0}"
EndProject
Project("{FAE04EC0-301F-11D3-BF4B-00C04F79EFBC}") = "doorcombinationtest", "..\doorcombinationtest\doorcombinationtest.csproj", "{42DD0B04-41B5-4108-B15B-820E703FA547}"
EndProject
Global
	GlobalSection(SolutionConfigurationPlatforms) = preSolution
		Debug|Any CPU = Debug|Any CPU
		Release|Any CPU = Release|Any CPU
	EndGlobalSection
	GlobalSection(ProjectConfigurationPlatforms) = postSolution
		{16AEF7B9-86C1-44E1-82AA-006CF72F49D0}.Debug|Any CPU.ActiveCfg = Debug|Any CPU
		{16AEF7B9-86C1-44E1-82AA-006CF72F49D0}.Debug|Any CPU.Build.0 = Debug|Any CPU
		{16AEF7B9-86C1-44E1-82AA-006CF72F49D0}.Release|Any CPU.ActiveCfg = Release|Any CPU
		{16AEF7B9-86C1-44E1-82AA-006CF72F49D0}.Release|Any CPU.Build.0 = Release|Any CPU
		{42DD0B04-41B5-4108-B15B-820E703FA547}.Debug|Any CPU.ActiveCfg = Debug|Any CPU
		{42DD0B04-41B5-4108-B15B-820E703FA547}.Debug|Any CPU.Build.0 = Debug|Any CPU
		{42DD0B04-41B5-4108-B15B-820E703FA547}.Release|Any CPU.ActiveCfg = Release|Any CPU
		{42DD0B04-41B5-4108-B15B-820E703FA547}.Release|Any CPU.Build.0 = Release|Any CPU
	EndGlobalSection
	GlobalSection(SolutionProperties) = preSolution
		HideSolutionNode = FALSE
	EndGlobalSection
	GlobalSection(ExtensibilityGlobals) = postSolution
		SolutionGuid = {65C27A04-7C77-4186-8A7E-17DFF510E034}
	EndGlobalSection
EndGlobal
